
Microsoft Visual Studio Solution File, Format Version 12.00
# Visual Studio Version 16
VisualStudioVersion = 16.0.30804.86
MinimumVisualStudioVersion = 10.0.40219.1
Project("{FAE04EC0-301F-11D3-BF4B-00C04F79EFBC}") = "Lab2", "Lab2\Lab2.csproj", "{FF1D69D3-3E9D-4FE9-91F8-6E5450B5E5D5}"
EndProject
Global
	GlobalSection(SolutionConfigurationPlatforms) = preSolution
		Debug|Any CPU = Debug|Any CPU
		Release|Any CPU = Release|Any CPU
	EndGlobalSection
	GlobalSection(ProjectConfigurationPlatforms) = postSolution
		{FF1D69D3-3E9D-4FE9-91F8-6E5450B5E5D5}.Debug|Any CPU.ActiveCfg = Debug|Any CPU
		{FF1D69D3-3E9D-4FE9-91F8-6E5450B5E5D5}.Debug|Any CPU.Build.0 = Debug|Any CPU
		{FF1D69D3-3E9D-4FE9-91F8-6E5450B5E5D5}.Release|Any CPU.ActiveCfg = Release|Any CPU
		{FF1D69D3-3E9D-4FE9-91F8-6E5450B5E5D5}.Release|Any CPU.Build.0 = Release|Any CPU
	EndGlobalSection
	GlobalSection(SolutionProperties) = preSolution
		HideSolutionNode = FALSE
	EndGlobalSection
	GlobalSection(ExtensibilityGlobals) = postSolution
		SolutionGuid = {F0279FF8-54F7-4EFA-98F5-4CD1A6B71C74}
	EndGlobalSection
EndGlobal
